{
  "name": "arduz-sdk",
  "version": "1.0.0",
  "lockfileVersion": 1,
  "requires": true,
  "dependencies": {
    "buffer-from": {
      "version": "1.1.1",
      "resolved": "https://registry.npmjs.org/buffer-from/-/buffer-from-1.1.1.tgz",
      "integrity": "sha512-MQcXEUbCKtEo7bhqEs6560Hyd4XaovZlO/k9V3hjVUF/zwW7KBVdSK4gIt/bzwS9MbR5qob+F5jusZsb0YQK2A==",
      "dev": true
    },
    "commander": {
      "version": "2.20.3",
      "resolved": "https://registry.npmjs.org/commander/-/commander-2.20.3.tgz",
      "integrity": "sha512-GpVkmM8vF2vQUkj2LvZmD35JxeJOLCwJ9cUkugyk2nuhbv3+mJvpLYYt+0+USMxE+oj+ey/lJEnhZw75x/OMcQ==",
      "dev": true
    },
    "isolated-vm": {
      "version": "3.3.3",
      "resolved": "https://registry.npmjs.org/isolated-vm/-/isolated-vm-3.3.3.tgz",
      "integrity": "sha512-VGAgB7NEV6a1cf4RjI8kRfSv8uVkL7HBIC8xQ7DArnbBbenfA7eaMu5PXRPQg7Xcv7Y+GjYMVaXNwd+4IfmkjA==",
      "dev": true
    },
    "source-map": {
      "version": "0.6.1",
      "resolved": "https://registry.npmjs.org/source-map/-/source-map-0.6.1.tgz",
      "integrity": "sha512-UjgapumWlbMhkBgzT7Ykc5YXUT46F0iKu8SGXq0bcwP5dz/h0Plj6enJqjz1Zbq2l5WaqYnrVbwWOWMyF3F47g==",
      "dev": true
    },
    "source-map-support": {
      "version": "0.5.18",
      "resolved": "https://registry.npmjs.org/source-map-support/-/source-map-support-0.5.18.tgz",
      "integrity": "sha512-9luZr/BZ2QeU6tO2uG8N2aZpVSli4TSAOAqFOyTO51AJcD9P99c0K1h6dD6r6qo5dyT44BR5exweOaLLeldTkQ==",
      "dev": true,
      "requires": {
        "buffer-from": "^1.0.0",
        "source-map": "^0.6.0"
      }
    },
    "terser": {
      "version": "4.6.11",
      "resolved": "https://registry.npmjs.org/terser/-/terser-4.6.11.tgz",
      "integrity": "sha512-76Ynm7OXUG5xhOpblhytE7X58oeNSmC8xnNhjWVo8CksHit0U0kO4hfNbPrrYwowLWFgM2n9L176VNx2QaHmtA==",
      "dev": true,
      "requires": {
        "commander": "^2.20.0",
        "source-map": "~0.6.1",
        "source-map-support": "~0.5.12"
      }
    },
    "typescript": {
      "version": "3.8.3",
      "resolved": "https://registry.npmjs.org/typescript/-/typescript-3.8.3.tgz",
      "integrity": "sha512-MYlEfn5VrLNsgudQTVJeNaQFUAI7DkhnOjdpAp4T+ku1TfQClewlbSuTVHiA+8skNBgaf02TL/kLOvig4y3G8w==",
      "dev": true
    },
    "ulla-builder": {
      "version": "1.0.0-20200423234752.commit-2a1de46",
      "resolved": "https://registry.npmjs.org/ulla-builder/-/ulla-builder-1.0.0-20200423234752.commit-2a1de46.tgz",
      "integrity": "sha512-esxVYTB4WrxKDOWv5uG2YLrE3X7z4QafGTaEKP3zb9goHSkY7IsvFzA2D0X2WA5xShQuhY9Lp032smd1q5WGYQ==",
      "dev": true,
      "requires": {
        "isolated-vm": "^3.3.0",
        "terser": "^4.6.10",
        "typescript": "^3.8.3"
      }
    },
    "ulla-ecs": {
      "version": "1.0.0-20200423234732.commit-2a1de46",
      "resolved": "https://registry.npmjs.org/ulla-ecs/-/ulla-ecs-1.0.0-20200423234732.commit-2a1de46.tgz",
      "integrity": "sha512-gLrBlbouZkQ87H0PS4ZdJXVQDh2hXDMsS5/zkcoNPMX8zrcsMEkABQhpkWMa0HRbBCDppmqkLNZ9gvZg2tZGeA==",
      "dev": true
    }
  }
}
